
Microsoft Visual Studio Solution File, Format Version 12.00
# Visual Studio Version 16
VisualStudioVersion = 16.0.33214.272
MinimumVisualStudioVersion = 10.0.40219.1
Project("{FAE04EC0-301F-11D3-BF4B-00C04F79EFBC}") = "Movies_App", "Movies_App\Movies_App.csproj", "{D920BF0D-8049-4CC0-A46D-971B03C6A853}"
EndProject
Global
	GlobalSection(SolutionConfigurationPlatforms) = preSolution
		Debug|Any CPU = Debug|Any CPU
		Release|Any CPU = Release|Any CPU
	EndGlobalSection
	GlobalSection(ProjectConfigurationPlatforms) = postSolution
		{D920BF0D-8049-4CC0-A46D-971B03C6A853}.Debug|Any CPU.ActiveCfg = Debug|Any CPU
		{D920BF0D-8049-4CC0-A46D-971B03C6A853}.Debug|Any CPU.Build.0 = Debug|Any CPU
		{D920BF0D-8049-4CC0-A46D-971B03C6A853}.Release|Any CPU.ActiveCfg = Release|Any CPU
		{D920BF0D-8049-4CC0-A46D-971B03C6A853}.Release|Any CPU.Build.0 = Release|Any CPU
	EndGlobalSection
	GlobalSection(SolutionProperties) = preSolution
		HideSolutionNode = FALSE
	EndGlobalSection
	GlobalSection(ExtensibilityGlobals) = postSolution
		SolutionGuid = {9BD64180-A9BD-4980-94B5-65BB2891DBFB}
	EndGlobalSection
EndGlobal
