
Microsoft Visual Studio Solution File, Format Version 12.00
# Visual Studio Version 16
VisualStudioVersion = 16.0.31229.75
MinimumVisualStudioVersion = 10.0.40219.1
Project("{FAE04EC0-301F-11D3-BF4B-00C04F79EFBC}") = "Vue_Partielle", "Vue_Partielle\Vue_Partielle.csproj", "{07B575D1-1DBD-445C-B920-5F90128912A2}"
EndProject
Global
	GlobalSection(SolutionConfigurationPlatforms) = preSolution
		Debug|Any CPU = Debug|Any CPU
		Release|Any CPU = Release|Any CPU
	EndGlobalSection
	GlobalSection(ProjectConfigurationPlatforms) = postSolution
		{07B575D1-1DBD-445C-B920-5F90128912A2}.Debug|Any CPU.ActiveCfg = Debug|Any CPU
		{07B575D1-1DBD-445C-B920-5F90128912A2}.Debug|Any CPU.Build.0 = Debug|Any CPU
		{07B575D1-1DBD-445C-B920-5F90128912A2}.Release|Any CPU.ActiveCfg = Release|Any CPU
		{07B575D1-1DBD-445C-B920-5F90128912A2}.Release|Any CPU.Build.0 = Release|Any CPU
	EndGlobalSection
	GlobalSection(SolutionProperties) = preSolution
		HideSolutionNode = FALSE
	EndGlobalSection
	GlobalSection(ExtensibilityGlobals) = postSolution
		SolutionGuid = {76ABD9C7-26D3-40C0-A119-AAF7FC72BCD0}
	EndGlobalSection
EndGlobal
